
Microsoft Visual Studio Solution File, Format Version 11.00
# Visual Studio 2010
Project("{FAE04EC0-301F-11D3-BF4B-00C04F79EFBC}") = "Booga's Welcome of Fate", "Assembly-CSharp.csproj", "{BCDFD98D-B4DA-FFE2-816D-9C77E2FB302F}"
EndProject
Project("{FAE04EC0-301F-11D3-BF4B-00C04F79EFBC}") = "Booga's Welcome of Fate", "Assembly-CSharp-Editor.csproj", "{814D522E-C506-C607-38F0-77EC1ECA33EC}"
EndProject
Global
	GlobalSection(SolutionConfigurationPlatforms) = preSolution
		Debug|Any CPU = Debug|Any CPU
		Release|Any CPU = Release|Any CPU
	EndGlobalSection
	GlobalSection(ProjectConfigurationPlatforms) = postSolution
		{BCDFD98D-B4DA-FFE2-816D-9C77E2FB302F}.Debug|Any CPU.ActiveCfg = Debug|Any CPU
		{BCDFD98D-B4DA-FFE2-816D-9C77E2FB302F}.Debug|Any CPU.Build.0 = Debug|Any CPU
		{BCDFD98D-B4DA-FFE2-816D-9C77E2FB302F}.Release|Any CPU.ActiveCfg = Release|Any CPU
		{BCDFD98D-B4DA-FFE2-816D-9C77E2FB302F}.Release|Any CPU.Build.0 = Release|Any CPU
		{814D522E-C506-C607-38F0-77EC1ECA33EC}.Debug|Any CPU.ActiveCfg = Debug|Any CPU
		{814D522E-C506-C607-38F0-77EC1ECA33EC}.Debug|Any CPU.Build.0 = Debug|Any CPU
		{814D522E-C506-C607-38F0-77EC1ECA33EC}.Release|Any CPU.ActiveCfg = Release|Any CPU
		{814D522E-C506-C607-38F0-77EC1ECA33EC}.Release|Any CPU.Build.0 = Release|Any CPU
	EndGlobalSection
	GlobalSection(SolutionProperties) = preSolution
		HideSolutionNode = FALSE
	EndGlobalSection
	GlobalSection(MonoDevelopProperties) = preSolution
		StartupItem = Assembly-CSharp.csproj
	EndGlobalSection
EndGlobal
