
Microsoft Visual Studio Solution File, Format Version 12.00
# Visual Studio 2015
Project("{FAE04EC0-301F-11D3-BF4B-00C04F79EFBC}") = "Booga's Welcome of Fate", "Booga's Welcome of Fate.csproj", "{FD84B9AA-550F-9082-3FBE-2272ACA9CB00}"
EndProject
Project("{FAE04EC0-301F-11D3-BF4B-00C04F79EFBC}") = "Booga's Welcome of Fate.Editor", "Booga's Welcome of Fate.Editor.csproj", "{C78F6663-2293-1224-30A1-BFD0F05AAAC3}"
EndProject
Global
	GlobalSection(SolutionConfigurationPlatforms) = preSolution
		Debug|Any CPU = Debug|Any CPU
		Release|Any CPU = Release|Any CPU
	EndGlobalSection
	GlobalSection(ProjectConfigurationPlatforms) = postSolution
		{FD84B9AA-550F-9082-3FBE-2272ACA9CB00}.Debug|Any CPU.ActiveCfg = Debug|Any CPU
		{FD84B9AA-550F-9082-3FBE-2272ACA9CB00}.Debug|Any CPU.Build.0 = Debug|Any CPU
		{FD84B9AA-550F-9082-3FBE-2272ACA9CB00}.Release|Any CPU.ActiveCfg = Release|Any CPU
		{FD84B9AA-550F-9082-3FBE-2272ACA9CB00}.Release|Any CPU.Build.0 = Release|Any CPU
		{C78F6663-2293-1224-30A1-BFD0F05AAAC3}.Debug|Any CPU.ActiveCfg = Debug|Any CPU
		{C78F6663-2293-1224-30A1-BFD0F05AAAC3}.Debug|Any CPU.Build.0 = Debug|Any CPU
		{C78F6663-2293-1224-30A1-BFD0F05AAAC3}.Release|Any CPU.ActiveCfg = Release|Any CPU
		{C78F6663-2293-1224-30A1-BFD0F05AAAC3}.Release|Any CPU.Build.0 = Release|Any CPU
	EndGlobalSection
	GlobalSection(SolutionProperties) = preSolution
		HideSolutionNode = FALSE
	EndGlobalSection
EndGlobal
