
Microsoft Visual Studio Solution File, Format Version 12.00
# Visual Studio 2015
Project("{FAE04EC0-301F-11D3-BF4B-00C04F79EFBC}") = "UnityPortFate", "UnityPortFate.csproj", "{29319B80-8E03-5641-A394-21AA35E8654E}"
EndProject
Project("{FAE04EC0-301F-11D3-BF4B-00C04F79EFBC}") = "UnityPortFate.Editor", "UnityPortFate.Editor.csproj", "{76755C57-3EC4-80FF-4826-39617E4AB0BE}"
EndProject
Global
	GlobalSection(SolutionConfigurationPlatforms) = preSolution
		Debug|Any CPU = Debug|Any CPU
		Release|Any CPU = Release|Any CPU
	EndGlobalSection
	GlobalSection(ProjectConfigurationPlatforms) = postSolution
		{29319B80-8E03-5641-A394-21AA35E8654E}.Debug|Any CPU.ActiveCfg = Debug|Any CPU
		{29319B80-8E03-5641-A394-21AA35E8654E}.Debug|Any CPU.Build.0 = Debug|Any CPU
		{29319B80-8E03-5641-A394-21AA35E8654E}.Release|Any CPU.ActiveCfg = Release|Any CPU
		{29319B80-8E03-5641-A394-21AA35E8654E}.Release|Any CPU.Build.0 = Release|Any CPU
		{76755C57-3EC4-80FF-4826-39617E4AB0BE}.Debug|Any CPU.ActiveCfg = Debug|Any CPU
		{76755C57-3EC4-80FF-4826-39617E4AB0BE}.Debug|Any CPU.Build.0 = Debug|Any CPU
		{76755C57-3EC4-80FF-4826-39617E4AB0BE}.Release|Any CPU.ActiveCfg = Release|Any CPU
		{76755C57-3EC4-80FF-4826-39617E4AB0BE}.Release|Any CPU.Build.0 = Release|Any CPU
	EndGlobalSection
	GlobalSection(SolutionProperties) = preSolution
		HideSolutionNode = FALSE
	EndGlobalSection
EndGlobal
